version = 1
revision = 3
requires-python = ">=3.10"

[[package]]
name = "async-timeout"
version = "5.0.1"
source = { registry = "https://pypi.org/simple" }
sdist = { url = "https://files.pythonhosted.org/packages/a5/ae/136395dfbfe00dfc94da3f3e136d0b13f394cba8f4841120e34226265780/async_timeout-5.0.1.tar.gz", hash = "sha256:d9321a7a3d5a6a5e187e824d2fa0793ce379a202935782d555d6e9d2735677d3", size = 9274, upload-time = "2024-11-06T16:41:39.6Z" }
wheels = [
    { url = "https://files.pythonhosted.org/packages/fe/ba/e2081de779ca30d473f21f5b30e0e737c438205440784c7dfc81efc2b029/async_timeout-5.0.1-py3-none-any.whl", hash = "sha256:39e3809566ff85354557ec2398b55e096c8364bacac9405a7a1fa429e77fe76c", size = 6233, upload-time = "2024-11-06T16:41:37.9Z" },
]

[[package]]
name = "msgbusviz"
version = "0.1.0"
source = { editable = "." }
dependencies = [
    { name = "websocket-client" },
]

[package.optional-dependencies]
redis = [
    { name = "redis" },
]

[package.metadata]
requires-dist = [
    { name = "redis", marker = "extra == 'redis'", specifier = ">=5.0" },
    { name = "websocket-client", specifier = ">=1.7" },
]
provides-extras = ["redis"]

[[package]]
name = "redis"
version = "7.4.0"
source = { registry = "https://pypi.org/simple" }
dependencies = [
    { name = "async-timeout", marker = "python_full_version < '3.11.3'" },
]
sdist = { url = "https://files.pythonhosted.org/packages/7b/7f/3759b1d0d72b7c92f0d70ffd9dc962b7b7b5ee74e135f9d7d8ab06b8a318/redis-7.4.0.tar.gz", hash = "sha256:64a6ea7bf567ad43c964d2c30d82853f8df927c5c9017766c55a1d1ed95d18ad", size = 4943913, upload-time = "2026-03-24T09:14:37.53Z" }
wheels = [
    { url = "https://files.pythonhosted.org/packages/74/3a/95deec7db1eb53979973ebd156f3369a72732208d1391cd2e5d127062a32/redis-7.4.0-py3-none-any.whl", hash = "sha256:a9c74a5c893a5ef8455a5adb793a31bb70feb821c86eccb62eebef5a19c429ec", size = 409772, upload-time = "2026-03-24T09:14:35.968Z" },
]

[[package]]
name = "websocket-client"
version = "1.9.0"
source = { registry = "https://pypi.org/simple" }
sdist = { url = "https://files.pythonhosted.org/packages/2c/41/aa4bf9664e4cda14c3b39865b12251e8e7d239f4cd0e3cc1b6c2ccde25c1/websocket_client-1.9.0.tar.gz", hash = "sha256:9e813624b6eb619999a97dc7958469217c3176312b3a16a4bd1bc7e08a46ec98", size = 70576, upload-time = "2025-10-07T21:16:36.495Z" }
wheels = [
    { url = "https://files.pythonhosted.org/packages/34/db/b10e48aa8fff7407e67470363eac595018441cf32d5e1001567a7aeba5d2/websocket_client-1.9.0-py3-none-any.whl", hash = "sha256:af248a825037ef591efbf6ed20cc5faa03d3b47b9e5a2230a529eeee1c1fc3ef", size = 82616, upload-time = "2025-10-07T21:16:34.951Z" },
]
